
Microsoft Visual Studio Solution File, Format Version 12.00
Project("{2150E333-8FDC-42A3-9474-1A3956D46DE8}") = "Solution Items", "Solution Items", "{69209E0B-04F8-42F8-945E-D04A68C42796}"
EndProject
Project("{FAE04EC0-301F-11D3-BF4B-00C04F79EFBC}") = "MarkAgent.McpServer", "MarkAgent.McpServer\MarkAgent.McpServer.csproj", "{1E044323-DA66-494F-A592-340BD1758D4F}"
EndProject
Project("{FAE04EC0-301F-11D3-BF4B-00C04F79EFBC}") = "MarkAgent.Core", "src\MarkAgent.Core\MarkAgent.Core.csproj", "{7A2C6CBC-D935-4601-8790-CAA5DAA6AC77}"
EndProject
Global
	GlobalSection(SolutionConfigurationPlatforms) = preSolution
		Debug|Any CPU = Debug|Any CPU
		Release|Any CPU = Release|Any CPU
	EndGlobalSection
	GlobalSection(ProjectConfigurationPlatforms) = postSolution
		{1E044323-DA66-494F-A592-340BD1758D4F}.Debug|Any CPU.ActiveCfg = Debug|Any CPU
		{1E044323-DA66-494F-A592-340BD1758D4F}.Debug|Any CPU.Build.0 = Debug|Any CPU
		{1E044323-DA66-494F-A592-340BD1758D4F}.Release|Any CPU.ActiveCfg = Release|Any CPU
		{1E044323-DA66-494F-A592-340BD1758D4F}.Release|Any CPU.Build.0 = Release|Any CPU
		{7A2C6CBC-D935-4601-8790-CAA5DAA6AC77}.Debug|Any CPU.ActiveCfg = Debug|Any CPU
		{7A2C6CBC-D935-4601-8790-CAA5DAA6AC77}.Debug|Any CPU.Build.0 = Debug|Any CPU
		{7A2C6CBC-D935-4601-8790-CAA5DAA6AC77}.Release|Any CPU.ActiveCfg = Release|Any CPU
		{7A2C6CBC-D935-4601-8790-CAA5DAA6AC77}.Release|Any CPU.Build.0 = Release|Any CPU
	EndGlobalSection
EndGlobal
