
Microsoft Visual Studio Solution File, Format Version 12.00
Project("{2150E333-8FDC-42A3-9474-1A3956D46DE8}") = "src", "src", "{0A404B7F-8156-4529-A65B-78B923034E87}"
EndProject
Project("{FAE04EC0-301F-11D3-BF4B-00C04F79EFBC}") = "MarkAgents", "src\MarkAgents\MarkAgents.csproj", "{FDDF56B6-429C-401D-B0A1-501F1F956D2A}"
EndProject
Global
	GlobalSection(SolutionConfigurationPlatforms) = preSolution
		Debug|Any CPU = Debug|Any CPU
		Release|Any CPU = Release|Any CPU
	EndGlobalSection
	GlobalSection(NestedProjects) = preSolution
		{FDDF56B6-429C-401D-B0A1-501F1F956D2A} = {0A404B7F-8156-4529-A65B-78B923034E87}
	EndGlobalSection
	GlobalSection(ProjectConfigurationPlatforms) = postSolution
		{FDDF56B6-429C-401D-B0A1-501F1F956D2A}.Debug|Any CPU.ActiveCfg = Debug|Any CPU
		{FDDF56B6-429C-401D-B0A1-501F1F956D2A}.Debug|Any CPU.Build.0 = Debug|Any CPU
		{FDDF56B6-429C-401D-B0A1-501F1F956D2A}.Release|Any CPU.ActiveCfg = Release|Any CPU
		{FDDF56B6-429C-401D-B0A1-501F1F956D2A}.Release|Any CPU.Build.0 = Release|Any CPU
	EndGlobalSection
EndGlobal
