
Microsoft Visual Studio Solution File, Format Version 12.00
Project("{2150E333-8FDC-42A3-9474-1A3956D46DE8}") = "Solution Items", "Solution Items", "{69209E0B-04F8-42F8-945E-D04A68C42796}"
	ProjectSection(SolutionItems) = preProject
		compose.yaml = compose.yaml
		README.md = README.md
		global.json = global.json
	EndProjectSection
EndProject
Project("{2150E333-8FDC-42A3-9474-1A3956D46DE8}") = "src", "src", "{DF82609D-194F-4C67-9C06-F9A9649B18BB}"
EndProject
Project("{FAE04EC0-301F-11D3-BF4B-00C04F79EFBC}") = "MarkAgent.Stdio", "src\MarkAgent.Stdio\MarkAgent.Stdio.csproj", "{63A879A8-B418-413F-BAE9-AFD63CD11DF6}"
EndProject
Project("{FAE04EC0-301F-11D3-BF4B-00C04F79EFBC}") = "MarkAgent.McpServer", "src\MarkAgent.McpServer\MarkAgent.McpServer.csproj", "{B2811BDD-F5B2-4058-A2D4-D961B15622B4}"
EndProject
Project("{FAE04EC0-301F-11D3-BF4B-00C04F79EFBC}") = "MarkAgent.Api", "src\MarkAgent.Api\MarkAgent.Api.csproj", "{A1B2C3D4-E5F6-7890-ABCD-123456789ABC}"
EndProject
Project("{FAE04EC0-301F-11D3-BF4B-00C04F79EFBC}") = "MarkAgent.Domain", "src\MarkAgent.Domain\MarkAgent.Domain.csproj", "{B2C3D4E5-F6G7-8901-BCDE-23456789ABCD}"
EndProject
Project("{FAE04EC0-301F-11D3-BF4B-00C04F79EFBC}") = "MarkAgent.Application", "src\MarkAgent.Application\MarkAgent.Application.csproj", "{C3D4E5F6-G7H8-9012-CDEF-3456789ABCDE}"
EndProject
Project("{FAE04EC0-301F-11D3-BF4B-00C04F79EFBC}") = "MarkAgent.Infrastructure", "src\MarkAgent.Infrastructure\MarkAgent.Infrastructure.csproj", "{D4E5F6G7-H8I9-0123-DEFG-456789ABCDEF}"
EndProject
Global
	GlobalSection(SolutionConfigurationPlatforms) = preSolution
		Debug|Any CPU = Debug|Any CPU
		Release|Any CPU = Release|Any CPU
	EndGlobalSection
	GlobalSection(ProjectConfigurationPlatforms) = postSolution
		{63A879A8-B418-413F-BAE9-AFD63CD11DF6}.Debug|Any CPU.ActiveCfg = Debug|Any CPU
		{63A879A8-B418-413F-BAE9-AFD63CD11DF6}.Debug|Any CPU.Build.0 = Debug|Any CPU
		{63A879A8-B418-413F-BAE9-AFD63CD11DF6}.Release|Any CPU.ActiveCfg = Release|Any CPU
		{63A879A8-B418-413F-BAE9-AFD63CD11DF6}.Release|Any CPU.Build.0 = Release|Any CPU
		{B2811BDD-F5B2-4058-A2D4-D961B15622B4}.Debug|Any CPU.ActiveCfg = Debug|Any CPU
		{B2811BDD-F5B2-4058-A2D4-D961B15622B4}.Debug|Any CPU.Build.0 = Debug|Any CPU
		{B2811BDD-F5B2-4058-A2D4-D961B15622B4}.Release|Any CPU.ActiveCfg = Release|Any CPU
		{B2811BDD-F5B2-4058-A2D4-D961B15622B4}.Release|Any CPU.Build.0 = Release|Any CPU
		{A1B2C3D4-E5F6-7890-ABCD-123456789ABC}.Debug|Any CPU.ActiveCfg = Debug|Any CPU
		{A1B2C3D4-E5F6-7890-ABCD-123456789ABC}.Debug|Any CPU.Build.0 = Debug|Any CPU
		{A1B2C3D4-E5F6-7890-ABCD-123456789ABC}.Release|Any CPU.ActiveCfg = Release|Any CPU
		{A1B2C3D4-E5F6-7890-ABCD-123456789ABC}.Release|Any CPU.Build.0 = Release|Any CPU
		{B2C3D4E5-F6G7-8901-BCDE-23456789ABCD}.Debug|Any CPU.ActiveCfg = Debug|Any CPU
		{B2C3D4E5-F6G7-8901-BCDE-23456789ABCD}.Debug|Any CPU.Build.0 = Debug|Any CPU
		{B2C3D4E5-F6G7-8901-BCDE-23456789ABCD}.Release|Any CPU.ActiveCfg = Release|Any CPU
		{B2C3D4E5-F6G7-8901-BCDE-23456789ABCD}.Release|Any CPU.Build.0 = Release|Any CPU
		{C3D4E5F6-G7H8-9012-CDEF-3456789ABCDE}.Debug|Any CPU.ActiveCfg = Debug|Any CPU
		{C3D4E5F6-G7H8-9012-CDEF-3456789ABCDE}.Debug|Any CPU.Build.0 = Debug|Any CPU
		{C3D4E5F6-G7H8-9012-CDEF-3456789ABCDE}.Release|Any CPU.ActiveCfg = Release|Any CPU
		{C3D4E5F6-G7H8-9012-CDEF-3456789ABCDE}.Release|Any CPU.Build.0 = Release|Any CPU
		{D4E5F6G7-H8I9-0123-DEFG-456789ABCDEF}.Debug|Any CPU.ActiveCfg = Debug|Any CPU
		{D4E5F6G7-H8I9-0123-DEFG-456789ABCDEF}.Debug|Any CPU.Build.0 = Debug|Any CPU
		{D4E5F6G7-H8I9-0123-DEFG-456789ABCDEF}.Release|Any CPU.ActiveCfg = Release|Any CPU
		{D4E5F6G7-H8I9-0123-DEFG-456789ABCDEF}.Release|Any CPU.Build.0 = Release|Any CPU
	EndGlobalSection
	GlobalSection(NestedProjects) = preSolution
		{63A879A8-B418-413F-BAE9-AFD63CD11DF6} = {DF82609D-194F-4C67-9C06-F9A9649B18BB}
		{B2811BDD-F5B2-4058-A2D4-D961B15622B4} = {DF82609D-194F-4C67-9C06-F9A9649B18BB}
	EndGlobalSection
EndGlobal
